
Microsoft Visual Studio Solution File, Format Version 12.00
# Visual Studio 15
VisualStudioVersion = 15.0.28307.1169
MinimumVisualStudioVersion = 10.0.40219.1
Project("{FAE04EC0-301F-11D3-BF4B-00C04F79EFBC}") = "PhasmoRandomizer", "PhasmoRandomizer.csproj", "{727FAEB4-DB2D-4C12-881F-C88F79151D4E}"
EndProject
Global
	GlobalSection(SolutionConfigurationPlatforms) = preSolution
		Debug|Any CPU = Debug|Any CPU
		Release|Any CPU = Release|Any CPU
	EndGlobalSection
	GlobalSection(ProjectConfigurationPlatforms) = postSolution
		{727FAEB4-DB2D-4C12-881F-C88F79151D4E}.Debug|Any CPU.ActiveCfg = Debug|Any CPU
		{727FAEB4-DB2D-4C12-881F-C88F79151D4E}.Debug|Any CPU.Build.0 = Debug|Any CPU
		{727FAEB4-DB2D-4C12-881F-C88F79151D4E}.Release|Any CPU.ActiveCfg = Release|Any CPU
		{727FAEB4-DB2D-4C12-881F-C88F79151D4E}.Release|Any CPU.Build.0 = Release|Any CPU
	EndGlobalSection
	GlobalSection(SolutionProperties) = preSolution
		HideSolutionNode = FALSE
	EndGlobalSection
	GlobalSection(ExtensibilityGlobals) = postSolution
		SolutionGuid = {8029A2C2-82A2-4346-B66B-D8738DA4DD4D}
	EndGlobalSection
EndGlobal
